cloud.google.com/go v0.0.0-20180110201137-d3a4b58ba5b6 h1:CeTVXQ1HaLVWh4UnZ+rDy/BkY+2Mvt1FdahVJtNLMUc=
cloud.google.com/go v0.0.0-20180110201137-d3a4b58ba5b6/go.mod h1:aQUYkXzVsufM+DwF1aE+0xfcU+56JwCaLick0ClmMTw=
github.com/golang/protobuf v0.0.0-20171113180720-1e59b77b52bf h1:pFr/u+m8QUBMW/itAczltF3guNRAL7XDs5tD3f6nSD0=
github.com/golang/protobuf v0.0.0-20171113180720-1e59b77b52bf/go.mod h1:6lQm79b+lXiMfvg/cZm0SGofjICqVBUtrP5yJMmIC1U=
github.com/googleapis/gax-go v2.0.0+incompatible/go.mod h1:SFVmujtThgffbyetf+mdk2eWhX2bMyUtNHzFKcPA9HY=
github.com/lib/pq v0.0.0-20171126050459-83612a56d3dd h1:2RDaVc4/izhWyAvYxNm8c9saSyCDIxefNwOcqaH7pcU=
github.com/lib/pq v0.0.0-20171126050459-83612a56d3dd/go.mod h1:5WUZQaWbwv1U+lTReE5YruASi9Al49XbQIvNi/34Woo=
github.com/onsi/ginkgo v0.0.0-20171221013426-6c46eb8334b3/go.mod h1:lLunBs/Ym6LB5Z9jYTR76FiuTmxDTDusOGeTQH+WWjE=
github.com/onsi/gomega v0.0.0-20180305203722-de89e61d40b7/go.mod h1:C1qb7wdrVGGVU+Z6iS04AVkA3Q65CEZX59MT0QO5uiA=
github.com/sirupsen/logrus v1.0.5 h1:8c8b5uO0zS4X6RPl/sd1ENwSkIc0/H2PaHxE3udaE8I=
github.com/sirupsen/logrus v1.0.5/go.mod h1:pMByvHTf9Beacp5x1UXfOR9xyW/9antXMhjMPG0dEzc=
go.opencensus.io v0.1.0 h1:w4hpiIQP2lRmkRrwcG4/8BxnqniENoMob15CrcfFmtQ=
go.opencensus.io v0.1.0/go.mod h1:UffZAU+4sDEINUGP/B7UfBBkq4fqLu9zXAX7ke6CHW0=
golang.org/x/crypto v0.0.0-20180110145155-b3c9a1d25cfb h1:lexDMTenYWvxW3Jdsfw/G56ScdrDWVlfljIeYM6ZG60=
golang.org/x/crypto v0.0.0-20180110145155-b3c9a1d25cfb/go.mod h1:6SG95UA2DQfeDnfUPMdvaQW0Q7yPrPDi9nlGo2tz2b4=
golang.org/x/net v0.0.0-20180110232232-ab555f366c45 h1:plS8i36LESaX8zmwDNA+HL2YGeBfkxxv+l+GZpSMwNs=
golang.org/x/net v0.0.0-20180110232232-ab555f366c45/go.mod h1:mL1N/T3taQHkDXs73rZJwtUhF3w3ftmwwsq0BUmARs4=
golang.org/x/oauth2 v0.0.0-20180104230036-30785a2c434e h1:AimiNCJ4MQaH/dH9vkgpLqhPLd15Dm64zfuiVN6FC/M=
golang.org/x/oauth2 v0.0.0-20180104230036-30785a2c434e/go.mod h1:N/0e6XlmueqKjAGxoOufVs8QHGRruUQn6yWY3a++T0U=
golang.org/x/sys v0.0.0-20180110071738-810d70003458 h1:LxHhdl2QyUWWmk4/68EC97b7vJkXVYf7T1LgyqONcC8=
golang.org/x/sys v0.0.0-20180110071738-810d70003458/go.mod h1:STP8DvDyc/dI5b8T5hshtkjS+E42TnysNCUPdjciGhY=
golang.org/x/text v0.0.0-20171227012246-e19ae1496984 h1:ulYJn/BqO4fMRe1xAQzWjokgjsQLPpb21GltxXHI3fQ=
golang.org/x/text v0.0.0-20171227012246-e19ae1496984/go.mod h1:NqM8EUOU14njkJ3fqMW+pc6Ldnwhi/IjpwHt7yyuwOQ=
golang.org/x/tools v0.0.0-20180111040409-fbec762f837d h1:ndIWTys3YTMVzjAOg1qT9HzShwjv8hi7tTVGZh9Rp5s=
golang.org/x/tools v0.0.0-20180111040409-fbec762f837d/go.mod h1:n7NCudcB/nEzxVGmLbDWY5pfWTLqBcC2KZ6jyYvM4mQ=
google.golang.org/api v0.0.0-20180111000326-d2c53ea20b71 h1:E1yDLXEN4+88HqbeVS2XrEFLudKGuBEKpLWLXeGtByY=
google.golang.org/api v0.0.0-20180111000326-d2c53ea20b71/go.mod h1:4mhQ8q/RsB7i+udVvVy5NUi08OU8ZlA0gRVgrF7VFY0=
google.golang.org/appengine v1.0.0/go.mod h1:EbEs0AVv82hx2wNQdGPgUI5lhzA/G0D9YwlJXL52JkM=
google.golang.org/genproto v0.0.0-20171212231943-a8101f21cf98 h1:bq8KADiS5rsNLj2z1fR64PoWuHKm+7+r+7rQhvBTVUg=
google.golang.org/genproto v0.0.0-20171212231943-a8101f21cf98/go.mod h1:JiN7NxoALGmiZfu7CAH4rXhgtRTLTxftemlI0sWmxmc=
google.golang.org/grpc v0.0.0-20180110182554-1cd234627e6f h1:RczYjYiD1h7zowDUVM990/1qIG0QxjFIjTpkgVzdjWs=
google.golang.org/grpc v0.0.0-20180110182554-1cd234627e6f/go.mod h1:yo6s7OP7yaDglbqo1J04qKzAhqBH6lvTonzMVmEdcZw=
gopkg.in/yaml.v2 v2.0.0/go.mod h1:JAlM8MvJe8wmxCU4Bli9HhUf9+ttbYbLASfIpnQbh74=
